// !$*UTF8*$!
{
	archiveVersion = 1;
	classes = {
	};
	objectVersion = 48;
	objects = {

/* Begin PBXBuildFile section */
		DF1EAB25202172190072EAE8 /* AppDelegate.m in Sources */ = {isa = PBXBuildFile; fileRef = DF1EAB24202172190072EAE8 /* AppDelegate.m */; };
		DF1EAB28202172190072EAE8 /* ViewController.m in Sources */ = {isa = PBXBuildFile; fileRef = DF1EAB27202172190072EAE8 /* ViewController.m */; };
		DF1EAB2B202172190072EAE8 /* Main.storyboard in Resources */ = {isa = PBXBuildFile; fileRef = DF1EAB29202172190072EAE8 /* Main.storyboard */; };
		DF1EAB2D202172190072EAE8 /* Assets.xcassets in Resources */ = {isa = PBXBuildFile; fileRef = DF1EAB2C202172190072EAE8 /* Assets.xcassets */; };
		DF1EAB30202172190072EAE8 /* LaunchScreen.storyboard in Resources */ = {isa = PBXBuildFile; fileRef = DF1EAB2E202172190072EAE8 /* LaunchScreen.storyboard */; };
		DF1EAB33202172190072EAE8 /* main.m in Sources */ = {isa = PBXBuildFile; fileRef = DF1EAB32202172190072EAE8 /* main.m */; };
		DF1EAB3A202172F90072EAE8 /* test.jpg in Resources */ = {isa = PBXBuildFile; fileRef = DF1EAB39202172F90072EAE8 /* test.jpg */; };
		DF1EAB3D2021739C0072EAE8 /* BigImageController.m in Sources */ = {isa = PBXBuildFile; fileRef = DF1EAB3C2021739C0072EAE8 /* BigImageController.m */; };
/* End PBXBuildFile section */

/* Begin PBXFileReference section */
		DF1EAB20202172190072EAE8 /* 3DtouchDemo.app */ = {isa = PBXFileReference; explicitFileType = wrapper.application; includeInIndex = 0; path = 3DtouchDemo.app; sourceTree = BUILT_PRODUCTS_DIR; };
		DF1EAB23202172190072EAE8 /* AppDelegate.h */ = {isa = PBXFileReference; lastKnownFileType = sourcecode.c.h; path = AppDelegate.h; sourceTree = "<group>"; };
		DF1EAB24202172190072EAE8 /* AppDelegate.m */ = {isa = PBXFileReference; lastKnownFileType = sourcecode.c.objc; path = AppDelegate.m; sourceTree = "<group>"; };
		DF1EAB26202172190072EAE8 /* ViewController.h */ = {isa = PBXFileReference; lastKnownFileType = sourcecode.c.h; path = ViewController.h; sourceTree = "<group>"; };
		DF1EAB27202172190072EAE8 /* ViewController.m */ = {isa = PBXFileReference; lastKnownFileType = sourcecode.c.objc; path = ViewController.m; sourceTree = "<group>"; };
		DF1EAB2A202172190072EAE8 /* Base */ = {isa = PBXFileReference; lastKnownFileType = file.storyboard; name = Base; path = Base.lproj/Main.storyboard; sourceTree = "<group>"; };
		DF1EAB2C202172190072EAE8 /* Assets.xcassets */ = {isa = PBXFileReference; lastKnownFileType = folder.assetcatalog; path = Assets.xcassets; sourceTree = "<group>"; };
		DF1EAB2F202172190072EAE8 /* Base */ = {isa = PBXFileReference; lastKnownFileType = file.storyboard; name = Base; path = Base.lproj/LaunchScreen.storyboard; sourceTree = "<group>"; };
		DF1EAB31202172190072EAE8 /* Info.plist */ = {isa = PBXFileReference; lastKnownFileType = text.plist.xml; path = Info.plist; sourceTree = "<group>"; };
		DF1EAB32202172190072EAE8 /* main.m */ = {isa = PBXFileReference; lastKnownFileType = sourcecode.c.objc; path = main.m; sourceTree = "<group>"; };
		DF1EAB39202172F90072EAE8 /* test.jpg */ = {isa = PBXFileReference; lastKnownFileType = image.jpeg; path = test.jpg; sourceTree = "<group>"; };
		DF1EAB3B2021739C0072EAE8 /* BigImageController.h */ = {isa = PBXFileReference; lastKnownFileType = sourcecode.c.h; path = BigImageController.h; sourceTree = "<group>"; };
		DF1EAB3C2021739C0072EAE8 /* BigImageController.m */ = {isa = PBXFileReference; lastKnownFileType = sourcecode.c.objc; path = BigImageController.m; sourceTree = "<group>"; };
/* End PBXFileReference section */

/* Begin PBXFrameworksBuildPhase section */
		DF1EAB1D202172190072EAE8 /* Frameworks */ = {
			isa = PBXFrameworksBuildPhase;
			buildActionMask = 2147483647;
			files = (
			);
			runOnlyForDeploymentPostprocessing = 0;
		};
/* End PBXFrameworksBuildPhase section */

/* Begin PBXGroup section */
		DF1EAB17202172190072EAE8 = {
			isa = PBXGroup;
			children = (
				DF1EAB22202172190072EAE8 /* 3DtouchDemo */,
				DF1EAB21202172190072EAE8 /* Products */,
			);
			sourceTree = "<group>";
		};
		DF1EAB21202172190072EAE8 /* Products */ = {
			isa = PBXGroup;
			children = (
				DF1EAB20202172190072EAE8 /* 3DtouchDemo.app */,
			);
			name = Products;
			sourceTree = "<group>";
		};
		DF1EAB22202172190072EAE8 /* 3DtouchDemo */ = {
			isa = PBXGroup;
			children = (
				DF1EAB39202172F90072EAE8 /* test.jpg */,
				DF1EAB23202172190072EAE8 /* AppDelegate.h */,
				DF1EAB24202172190072EAE8 /* AppDelegate.m */,
				DF1EAB26202172190072EAE8 /* ViewController.h */,
				DF1EAB27202172190072EAE8 /* ViewController.m */,
				DF1EAB3B2021739C0072EAE8 /* BigImageController.h */,
				DF1EAB3C2021739C0072EAE8 /* BigImageController.m */,
				DF1EAB29202172190072EAE8 /* Main.storyboard */,
				DF1EAB2C202172190072EAE8 /* Assets.xcassets */,
				DF1EAB2E202172190072EAE8 /* LaunchScreen.storyboard */,
				DF1EAB31202172190072EAE8 /* Info.plist */,
				DF1EAB32202172190072EAE8 /* main.m */,
			);
			path = 3DtouchDemo;
			sourceTree = "<group>";
		};
/* End PBXGroup section */

/* Begin PBXNativeTarget section */
		DF1EAB1F202172190072EAE8 /* 3DtouchDemo */ = {
			isa = PBXNativeTarget;
			buildConfigurationList = DF1EAB36202172190072EAE8 /* Build configuration list for PBXNativeTarget "3DtouchDemo" */;
			buildPhases = (
				DF1EAB1C202172190072EAE8 /* Sources */,
				DF1EAB1D202172190072EAE8 /* Frameworks */,
				DF1EAB1E202172190072EAE8 /* Resources */,
			);
			buildRules = (
			);
			dependencies = (
			);
			name = 3DtouchDemo;
			productName = 3DtouchDemo;
			productReference = DF1EAB20202172190072EAE8 /* 3DtouchDemo.app */;
			productType = "com.apple.product-type.application";
		};
/* End PBXNativeTarget section */

/* Begin PBXProject section */
		DF1EAB18202172190072EAE8 /* Project object */ = {
			isa = PBXProject;
			attributes = {
				LastUpgradeCheck = 0920;
				ORGANIZATIONNAME = PDZhou;
				TargetAttributes = {
					DF1EAB1F202172190072EAE8 = {
						CreatedOnToolsVersion = 9.2;
						ProvisioningStyle = Automatic;
					};
				};
			};
			buildConfigurationList = DF1EAB1B202172190072EAE8 /* Build configuration list for PBXProject "3DtouchDemo" */;
			compatibilityVersion = "Xcode 8.0";
			developmentRegion = en;
			hasScannedForEncodings = 0;
			knownRegions = (
				en,
				Base,
			);
			mainGroup = DF1EAB17202172190072EAE8;
			productRefGroup = DF1EAB21202172190072EAE8 /* Products */;
			projectDirPath = "";
			projectRoot = "";
			targets = (
				DF1EAB1F202172190072EAE8 /* 3DtouchDemo */,
			);
		};
/* End PBXProject section */

/* Begin PBXResourcesBuildPhase section */
		DF1EAB1E202172190072EAE8 /* Resources */ = {
			isa = PBXResourcesBuildPhase;
			buildActionMask = 2147483647;
			files = (
				DF1EAB30202172190072EAE8 /* LaunchScreen.storyboard in Resources */,
				DF1EAB3A202172F90072EAE8 /* test.jpg in Resources */,
				DF1EAB2D202172190072EAE8 /* Assets.xcassets in Resources */,
				DF1EAB2B202172190072EAE8 /* Main.storyboard in Resources */,
			);
			runOnlyForDeploymentPostprocessing = 0;
		};
/* End PBXResourcesBuildPhase section */

/* Begin PBXSourcesBuildPhase section */
		DF1EAB1C202172190072EAE8 /* Sources */ = {
			isa = PBXSourcesBuildPhase;
			buildActionMask = 2147483647;
			files = (
				DF1EAB3D2021739C0072EAE8 /* BigImageController.m in Sources */,
				DF1EAB28202172190072EAE8 /* ViewController.m in Sources */,
				DF1EAB33202172190072EAE8 /* main.m in Sources */,
				DF1EAB25202172190072EAE8 /* AppDelegate.m in Sources */,
			);
			runOnlyForDeploymentPostprocessing = 0;
		};
/* End PBXSourcesBuildPhase section */

/* Begin PBXVariantGroup section */
		DF1EAB29202172190072EAE8 /* Main.storyboard */ = {
			isa = PBXVariantGroup;
			children = (
				DF1EAB2A202172190072EAE8 /* Base */,
			);
			name = Main.storyboard;
			sourceTree = "<group>";
		};
		DF1EAB2E202172190072EAE8 /* LaunchScreen.storyboard */ = {
			isa = PBXVariantGroup;
			children = (
				DF1EAB2F202172190072EAE8 /* Base */,
			);
			name = LaunchScreen.storyboard;
			sourceTree = "<group>";
		};
/* End PBXVariantGroup section */

/* Begin XCBuildConfiguration section */
		DF1EAB34202172190072EAE8 /* Debug */ = {
			isa = XCBuildConfiguration;
			buildSettings = {
				ALWAYS_SEARCH_USER_PATHS = NO;
				CLANG_ANALYZER_NONNULL = YES;
				CLANG_ANALYZER_NUMBER_OBJECT_CONVERSION = YES_AGGRESSIVE;
				CLANG_CXX_LANGUAGE_STANDARD = "gnu++14";
				CLANG_CXX_LIBRARY = "libc++";
				CLANG_ENABLE_MODULES = YES;
				CLANG_ENABLE_OBJC_ARC = YES;
				CLANG_WARN_BLOCK_CAPTURE_AUTORELEASING = YES;
				CLANG_WARN_BOOL_CONVERSION = YES;
				CLANG_WARN_COMMA = YES;
				CLANG_WARN_CONSTANT_CONVERSION = YES;
				CLANG_WARN_DIRECT_OBJC_ISA_USAGE = YES_ERROR;
				CLANG_WARN_DOCUMENTATION_COMMENTS = YES;
				CLANG_WARN_EMPTY_BODY = YES;
				CLANG_WARN_ENUM_CONVERSION = YES;
				CLANG_WARN_INFINITE_RECURSION = YES;
				CLANG_WARN_INT_CONVERSION = YES;
				CLANG_WARN_NON_LITERAL_NULL_CONVERSION = YES;
				CLANG_WARN_OBJC_LITERAL_CONVERSION = YES;
				CLANG_WARN_OBJC_ROOT_CLASS = YES_ERROR;
				CLANG_WARN_RANGE_LOOP_ANALYSIS = YES;
				CLANG_WARN_STRICT_PROTOTYPES = YES;
				CLANG_WARN_SUSPICIOUS_MOVE = YES;
				CLANG_WARN_UNGUARDED_AVAILABILITY = YES_AGGRESSIVE;
				CLANG_WARN_UNREACHABLE_CODE = YES;
				CLANG_WARN__DUPLICATE_METHOD_MATCH = YES;
				CODE_SIGN_IDENTITY = "iPhone Developer";
				COPY_PHASE_STRIP = NO;
				DEBUG_INFORMATION_FORMAT = dwarf;
				ENABLE_STRICT_OBJC_MSGSEND = YES;
				ENABLE_TESTABILITY = YES;
				GCC_C_LANGUAGE_STANDARD = gnu11;
				GCC_DYNAMIC_NO_PIC = NO;
				GCC_NO_COMMON_BLOCKS = YES;
				GCC_OPTIMIZATION_LEVEL = 0;
				GCC_PREPROCESSOR_DEFINITIONS = (
					"DEBUG=1",
					"$(inherited)",
				);
				GCC_WARN_64_TO_32_BIT_CONVERSION = YES;
				GCC_WARN_ABOUT_RETURN_TYPE = YES_ERROR;
				GCC_WARN_UNDECLARED_SELECTOR = YES;
				GCC_WARN_UNINITIALIZED_AUTOS = YES_AGGRESSIVE;
				GCC_WARN_UNUSED_FUNCTION = YES;
				GCC_WARN_UNUSED_VARIABLE = YES;
				IPHONEOS_DEPLOYMENT_TARGET = 11.2;
				MTL_ENABLE_DEBUG_INFO = YES;
				ONLY_ACTIVE_ARCH = YES;
				SDKROOT = iphoneos;
			};
			name = Debug;
		};
		DF1EAB35202172190072EAE8 /* Release */ = {
			isa = XCBuildConfiguration;
			buildSettings = {
				ALWAYS_SEARCH_USER_PATHS = NO;
				CLANG_ANALYZER_NONNULL = YES;
				CLANG_ANALYZER_NUMBER_OBJECT_CONVERSION = YES_AGGRESSIVE;
				CLANG_CXX_LANGUAGE_STANDARD = "gnu++14";
				CLANG_CXX_LIBRARY = "libc++";
				CLANG_ENABLE_MODULES = YES;
				CLANG_ENABLE_OBJC_ARC = YES;
				CLANG_WARN_BLOCK_CAPTURE_AUTORELEASING = YES;
				CLANG_WARN_BOOL_CONVERSION = YES;
				CLANG_WARN_COMMA = YES;
				CLANG_WARN_CONSTANT_CONVERSION = YES;
				CLANG_WARN_DIRECT_OBJC_ISA_USAGE = YES_ERROR;
				CLANG_WARN_DOCUMENTATION_COMMENTS = YES;
				CLANG_WARN_EMPTY_BODY = YES;
				CLANG_WARN_ENUM_CONVERSION = YES;
				CLANG_WARN_INFINITE_RECURSION = YES;
				CLANG_WARN_INT_CONVERSION = YES;
				CLANG_WARN_NON_LITERAL_NULL_CONVERSION = YES;
				CLANG_WARN_OBJC_LITERAL_CONVERSION = YES;
				CLANG_WARN_OBJC_ROOT_CLASS = YES_ERROR;
				CLANG_WARN_RANGE_LOOP_ANALYSIS = YES;
				CLANG_WARN_STRICT_PROTOTYPES = YES;
				CLANG_WARN_SUSPICIOUS_MOVE = YES;
				CLANG_WARN_UNGUARDED_AVAILABILITY = YES_AGGRESSIVE;
				CLANG_WARN_UNREACHABLE_CODE = YES;
				CLANG_WARN__DUPLICATE_METHOD_MATCH = YES;
				CODE_SIGN_IDENTITY = "iPhone Developer";
				COPY_PHASE_STRIP = NO;
				DEBUG_INFORMATION_FORMAT = "dwarf-with-dsym";
				ENABLE_NS_ASSERTIONS = NO;
				ENABLE_STRICT_OBJC_MSGSEND = YES;
				GCC_C_LANGUAGE_STANDARD = gnu11;
				GCC_NO_COMMON_BLOCKS = YES;
				GCC_WARN_64_TO_32_BIT_CONVERSION = YES;
				GCC_WARN_ABOUT_RETURN_TYPE = YES_ERROR;
				GCC_WARN_UNDECLARED_SELECTOR = YES;
				GCC_WARN_UNINITIALIZED_AUTOS = YES_AGGRESSIVE;
				GCC_WARN_UNUSED_FUNCTION = YES;
				GCC_WARN_UNUSED_VARIABLE = YES;
				IPHONEOS_DEPLOYMENT_TARGET = 11.2;
				MTL_ENABLE_DEBUG_INFO = NO;
				SDKROOT = iphoneos;
				VALIDATE_PRODUCT = YES;
			};
			name = Release;
		};
		DF1EAB37202172190072EAE8 /* Debug */ = {
			isa = XCBuildConfiguration;
			buildSettings = {
				ASSETCATALOG_COMPILER_APPICON_NAME = AppIcon;
				CODE_SIGN_STYLE = Automatic;
				DEVELOPMENT_TEAM = 7G8N49A8JA;
				INFOPLIST_FILE = 3DtouchDemo/Info.plist;
				LD_RUNPATH_SEARCH_PATHS = "$(inherited) @executable_path/Frameworks";
				PRODUCT_BUNDLE_IDENTIFIER = "com.ZLQ.3d.-DtouchDemo";
				PRODUCT_NAME = "$(TARGET_NAME)";
				TARGETED_DEVICE_FAMILY = "1,2";
			};
			name = Debug;
		};
		DF1EAB38202172190072EAE8 /* Release */ = {
			isa = XCBuildConfiguration;
			buildSettings = {
				ASSETCATALOG_COMPILER_APPICON_NAME = AppIcon;
				CODE_SIGN_STYLE = Automatic;
				DEVELOPMENT_TEAM = 7G8N49A8JA;
				INFOPLIST_FILE = 3DtouchDemo/Info.plist;
				LD_RUNPATH_SEARCH_PATHS = "$(inherited) @executable_path/Frameworks";
				PRODUCT_BUNDLE_IDENTIFIER = "com.ZLQ.3d.-DtouchDemo";
				PRODUCT_NAME = "$(TARGET_NAME)";
				TARGETED_DEVICE_FAMILY = "1,2";
			};
			name = Release;
		};
/* End XCBuildConfiguration section */

/* Begin XCConfigurationList section */
		DF1EAB1B202172190072EAE8 /* Build configuration list for PBXProject "3DtouchDemo" */ = {
			isa = XCConfigurationList;
			buildConfigurations = (
				DF1EAB34202172190072EAE8 /* Debug */,
				DF1EAB35202172190072EAE8 /* Release */,
			);
			defaultConfigurationIsVisible = 0;
			defaultConfigurationName = Release;
		};
		DF1EAB36202172190072EAE8 /* Build configuration list for PBXNativeTarget "3DtouchDemo" */ = {
			isa = XCConfigurationList;
			buildConfigurations = (
				DF1EAB37202172190072EAE8 /* Debug */,
				DF1EAB38202172190072EAE8 /* Release */,
			);
			defaultConfigurationIsVisible = 0;
			defaultConfigurationName = Release;
		};
/* End XCConfigurationList section */
	};
	rootObject = DF1EAB18202172190072EAE8 /* Project object */;
}
